
Microsoft Visual Studio Solution File, Format Version 12.00
# Visual Studio Version 17
VisualStudioVersion = 17.8.34601.278
MinimumVisualStudioVersion = 10.0.40219.1
Project("{FAE04EC0-301F-11D3-BF4B-00C04F79EFBC}") = "JobSearchApi", "JobSearchApi.csproj", "{8952744F-B24A-410D-8AFE-2430A0C0BF21}"
EndProject
Global
	GlobalSection(SolutionConfigurationPlatforms) = preSolution
		Debug|Any CPU = Debug|Any CPU
		Release|Any CPU = Release|Any CPU
	EndGlobalSection
	GlobalSection(ProjectConfigurationPlatforms) = postSolution
		{8952744F-B24A-410D-8AFE-2430A0C0BF21}.Debug|Any CPU.ActiveCfg = Debug|Any CPU
		{8952744F-B24A-410D-8AFE-2430A0C0BF21}.Debug|Any CPU.Build.0 = Debug|Any CPU
		{8952744F-B24A-410D-8AFE-2430A0C0BF21}.Release|Any CPU.ActiveCfg = Release|Any CPU
		{8952744F-B24A-410D-8AFE-2430A0C0BF21}.Release|Any CPU.Build.0 = Release|Any CPU
	EndGlobalSection
	GlobalSection(SolutionProperties) = preSolution
		HideSolutionNode = FALSE
	EndGlobalSection
	GlobalSection(ExtensibilityGlobals) = postSolution
		SolutionGuid = {5C3E6EA1-A161-4E50-BAB8-B12093F9B594}
	EndGlobalSection
EndGlobal
